
Microsoft Visual Studio Solution File, Format Version 12.00
# Visual Studio 15
VisualStudioVersion = 15.0.27428.2027
MinimumVisualStudioVersion = 10.0.40219.1
Project("{9A19103F-16F7-4668-BE54-9A1E7A4F7556}") = "WebAppServices", "WebServices\WebAppServices.csproj", "{1C6AFDA3-E1F9-4546-98B2-248378239682}"
EndProject
Project("{FAE04EC0-301F-11D3-BF4B-00C04F79EFBC}") = "WebAppServicesUnitTest", "WebAppUnitTest\WebAppServicesUnitTest.csproj", "{753CFCD1-DBE4-4A98-B971-2BF6C1363C3E}"
EndProject
Global
	GlobalSection(SolutionConfigurationPlatforms) = preSolution
		Debug|Any CPU = Debug|Any CPU
		Release|Any CPU = Release|Any CPU
	EndGlobalSection
	GlobalSection(ProjectConfigurationPlatforms) = postSolution
		{1C6AFDA3-E1F9-4546-98B2-248378239682}.Debug|Any CPU.ActiveCfg = Debug|Any CPU
		{1C6AFDA3-E1F9-4546-98B2-248378239682}.Debug|Any CPU.Build.0 = Debug|Any CPU
		{1C6AFDA3-E1F9-4546-98B2-248378239682}.Release|Any CPU.ActiveCfg = Release|Any CPU
		{1C6AFDA3-E1F9-4546-98B2-248378239682}.Release|Any CPU.Build.0 = Release|Any CPU
		{753CFCD1-DBE4-4A98-B971-2BF6C1363C3E}.Debug|Any CPU.ActiveCfg = Debug|Any CPU
		{753CFCD1-DBE4-4A98-B971-2BF6C1363C3E}.Debug|Any CPU.Build.0 = Debug|Any CPU
		{753CFCD1-DBE4-4A98-B971-2BF6C1363C3E}.Release|Any CPU.ActiveCfg = Release|Any CPU
		{753CFCD1-DBE4-4A98-B971-2BF6C1363C3E}.Release|Any CPU.Build.0 = Release|Any CPU
	EndGlobalSection
	GlobalSection(SolutionProperties) = preSolution
		HideSolutionNode = FALSE
	EndGlobalSection
	GlobalSection(ExtensibilityGlobals) = postSolution
		SolutionGuid = {21F1ECF5-7A8C-4E99-A0AA-663C071D38B0}
	EndGlobalSection
EndGlobal
